Microsoft Visual Studio Solution File, Format Version 12.00
# Visual Studio Version 17
VisualStudioVersion = 17.5.2.0
MinimumVisualStudioVersion = 10.0.40219.1
Project("{2150E333-8FDC-42A3-9474-1A3956D46DE8}") = "multi-catalog-system", "multi-catalog-system", "{F6CA2EE4-496A-3133-ED69-090E0761171E}"
EndProject
Project("{FAE04EC0-301F-11D3-BF4B-00C04F79EFBC}") = "backend", "multi-catalog-system\backend\backend.csproj", "{CBAC96B1-8364-CBC0-78FB-2AC542482233}"
EndProject
Global
	GlobalSection(SolutionConfigurationPlatforms) = preSolution
		Debug|Any CPU = Debug|Any CPU
		Release|Any CPU = Release|Any CPU
	EndGlobalSection
	GlobalSection(ProjectConfigurationPlatforms) = postSolution
		{CBAC96B1-8364-CBC0-78FB-2AC542482233}.Debug|Any CPU.ActiveCfg = Debug|Any CPU
		{CBAC96B1-8364-CBC0-78FB-2AC542482233}.Debug|Any CPU.Build.0 = Debug|Any CPU
		{CBAC96B1-8364-CBC0-78FB-2AC542482233}.Release|Any CPU.ActiveCfg = Release|Any CPU
		{CBAC96B1-8364-CBC0-78FB-2AC542482233}.Release|Any CPU.Build.0 = Release|Any CPU
	EndGlobalSection
	GlobalSection(SolutionProperties) = preSolution
		HideSolutionNode = FALSE
	EndGlobalSection
	GlobalSection(NestedProjects) = preSolution
		{CBAC96B1-8364-CBC0-78FB-2AC542482233} = {F6CA2EE4-496A-3133-ED69-090E0761171E}
	EndGlobalSection
	GlobalSection(ExtensibilityGlobals) = postSolution
		SolutionGuid = {9C412259-0CD8-4F02-A070-ACBED5559D34}
	EndGlobalSection
EndGlobal
