Microsoft Visual Studio Solution File, Format Version 12.00
# Visual Studio Version 17
VisualStudioVersion = 17.5.2.0
MinimumVisualStudioVersion = 10.0.40219.1
Project("{FAE04EC0-301F-11D3-BF4B-00C04F79EFBC}") = "Mvc", "EMSSystem\Mvc\Mvc.csproj", "{9FF990C3-DF27-5598-F254-478C77BEB448}"
EndProject
Project("{FAE04EC0-301F-11D3-BF4B-00C04F79EFBC}") = "Api", "EMSSystem\Api\Api.csproj", "{7C116AEF-0DF4-D8AD-49E8-FC0F718FCC02}"
EndProject
Global
	GlobalSection(SolutionConfigurationPlatforms) = preSolution
		Debug|Any CPU = Debug|Any CPU
		Release|Any CPU = Release|Any CPU
	EndGlobalSection
	GlobalSection(ProjectConfigurationPlatforms) = postSolution
		{9FF990C3-DF27-5598-F254-478C77BEB448}.Debug|Any CPU.ActiveCfg = Debug|Any CPU
		{9FF990C3-DF27-5598-F254-478C77BEB448}.Debug|Any CPU.Build.0 = Debug|Any CPU
		{9FF990C3-DF27-5598-F254-478C77BEB448}.Release|Any CPU.ActiveCfg = Release|Any CPU
		{9FF990C3-DF27-5598-F254-478C77BEB448}.Release|Any CPU.Build.0 = Release|Any CPU
		{7C116AEF-0DF4-D8AD-49E8-FC0F718FCC02}.Debug|Any CPU.ActiveCfg = Debug|Any CPU
		{7C116AEF-0DF4-D8AD-49E8-FC0F718FCC02}.Debug|Any CPU.Build.0 = Debug|Any CPU
		{7C116AEF-0DF4-D8AD-49E8-FC0F718FCC02}.Release|Any CPU.ActiveCfg = Release|Any CPU
		{7C116AEF-0DF4-D8AD-49E8-FC0F718FCC02}.Release|Any CPU.Build.0 = Release|Any CPU
	EndGlobalSection
	GlobalSection(SolutionProperties) = preSolution
		HideSolutionNode = FALSE
	EndGlobalSection
	GlobalSection(ExtensibilityGlobals) = postSolution
		SolutionGuid = {24091E1D-45EE-4146-96FF-C55432071BE9}
	EndGlobalSection
EndGlobal
